{
  "name": "eslint-config-futu",
  "version": "1.1.0",
  "lockfileVersion": 1,
  "requires": true,
  "dependencies": {
    "@nodelib/fs.scandir": {
      "version": "2.1.3",
      "resolved": "http://registry.npm.oa.com/@nodelib/fs.scandir/download/@nodelib/fs.scandir-2.1.3.tgz",
      "integrity": "sha1-Olgr21OATGum0UZXnEblITDPSjs=",
      "dev": true,
      "requires": {
        "@nodelib/fs.stat": "2.0.3",
        "run-parallel": "^1.1.9"
      }
    },
    "@nodelib/fs.stat": {
      "version": "2.0.3",
      "resolved": "http://registry.npm.oa.com/@nodelib/fs.stat/download/@nodelib/fs.stat-2.0.3.tgz",
      "integrity": "sha1-NNxfTKu8cg9OYPdadH5+zWwXW9M=",
      "dev": true
    },
    "@nodelib/fs.walk": {
      "version": "1.2.4",
      "resolved": "http://registry.npm.oa.com/@nodelib/fs.walk/download/@nodelib/fs.walk-1.2.4.tgz",
      "integrity": "sha1-ARuSAqcKY2bkNspcBlhEUoqwSXY=",
      "dev": true,
      "requires": {
        "@nodelib/fs.scandir": "2.1.3",
        "fastq": "^1.6.0"
      }
    },
    "@types/json-schema": {
      "version": "7.0.6",
      "resolved": "http://registry.npm.oa.com/@types/json-schema/download/@types/json-schema-7.0.6.tgz",
      "integrity": "sha1-9MfsQ+gbMZqYFRFQMXCfJph4kfA=",
      "dev": true
    },
    "@types/node": {
      "version": "14.14.14",
      "resolved": "http://registry.npm.oa.com/@types/node/download/@types/node-14.14.14.tgz",
      "integrity": "sha1-9/1fPMhSEwERn2ORDw+5ZcfXYa4=",
      "dev": true
    },
    "@typescript-eslint/eslint-plugin": {
      "version": "4.11.0",
      "resolved": "http://registry.npm.oa.com/@typescript-eslint/eslint-plugin/download/@typescript-eslint/eslint-plugin-4.11.0.tgz",
      "integrity": "sha1-vGweQXXAz0IIPaQxT3kxrRL3Mcw=",
      "dev": true,
      "requires": {
        "@typescript-eslint/experimental-utils": "4.11.0",
        "@typescript-eslint/scope-manager": "4.11.0",
        "debug": "^4.1.1",
        "functional-red-black-tree": "^1.0.1",
        "regexpp": "^3.0.0",
        "semver": "^7.3.2",
        "tsutils": "^3.17.1"
      }
    },
    "@typescript-eslint/experimental-utils": {
      "version": "4.11.0",
      "resolved": "http://registry.npm.oa.com/@typescript-eslint/experimental-utils/download/@typescript-eslint/experimental-utils-4.11.0.tgz",
      "integrity": "sha1-0aR8xs/hwIDOTq15JnV0uYgaFWU=",
      "dev": true,
      "requires": {
        "@types/json-schema": "^7.0.3",
        "@typescript-eslint/scope-manager": "4.11.0",
        "@typescript-eslint/types": "4.11.0",
        "@typescript-eslint/typescript-estree": "4.11.0",
        "eslint-scope": "^5.0.0",
        "eslint-utils": "^2.0.0"
      }
    },
    "@typescript-eslint/parser": {
      "version": "4.11.0",
      "resolved": "http://registry.npm.oa.com/@typescript-eslint/parser/download/@typescript-eslint/parser-4.11.0.tgz",
      "integrity": "sha1-HdPX5CcIwQzp86pkxjwKuZhotOI=",
      "dev": true,
      "requires": {
        "@typescript-eslint/scope-manager": "4.11.0",
        "@typescript-eslint/types": "4.11.0",
        "@typescript-eslint/typescript-estree": "4.11.0",
        "debug": "^4.1.1"
      }
    },
    "@typescript-eslint/scope-manager": {
      "version": "4.11.0",
      "resolved": "http://registry.npm.oa.com/@typescript-eslint/scope-manager/download/@typescript-eslint/scope-manager-4.11.0.tgz",
      "integrity": "sha1-LZBlN9uKOpRnIWmeT8CDOBBJAlQ=",
      "dev": true,
      "requires": {
        "@typescript-eslint/types": "4.11.0",
        "@typescript-eslint/visitor-keys": "4.11.0"
      }
    },
    "@typescript-eslint/types": {
      "version": "4.11.0",
      "resolved": "http://registry.npm.oa.com/@typescript-eslint/types/download/@typescript-eslint/types-4.11.0.tgz",
      "integrity": "sha1-hs+V5+rEzP0YP5/PFIDOznyvTKQ=",
      "dev": true
    },
    "@typescript-eslint/typescript-estree": {
      "version": "4.11.0",
      "resolved": "http://registry.npm.oa.com/@typescript-eslint/typescript-estree/download/@typescript-eslint/typescript-estree-4.11.0.tgz",
      "integrity": "sha1-EUTRRYQeWYfWHEyEVEKiSyQWWks=",
      "dev": true,
      "requires": {
        "@typescript-eslint/types": "4.11.0",
        "@typescript-eslint/visitor-keys": "4.11.0",
        "debug": "^4.1.1",
        "globby": "^11.0.1",
        "is-glob": "^4.0.1",
        "lodash": "^4.17.15",
        "semver": "^7.3.2",
        "tsutils": "^3.17.1"
      }
    },
    "@typescript-eslint/visitor-keys": {
      "version": "4.11.0",
      "resolved": "http://registry.npm.oa.com/@typescript-eslint/visitor-keys/download/@typescript-eslint/visitor-keys-4.11.0.tgz",
      "integrity": "sha1-kGZppQ8GqnRDeLuEx9XE/bxbfVE=",
      "dev": true,
      "requires": {
        "@typescript-eslint/types": "4.11.0",
        "eslint-visitor-keys": "^2.0.0"
      }
    },
    "array-union": {
      "version": "2.1.0",
      "resolved": "http://registry.npm.oa.com/array-union/download/array-union-2.1.0.tgz",
      "integrity": "sha1-t5hCCtvrHego2ErNii4j0+/oXo0=",
      "dev": true
    },
    "braces": {
      "version": "3.0.2",
      "resolved": "http://registry.npm.oa.com/braces/download/braces-3.0.2.tgz",
      "integrity": "sha1-NFThpGLujVmeI23zNs2epPiv4Qc=",
      "dev": true,
      "requires": {
        "fill-range": "^7.0.1"
      }
    },
    "debug": {
      "version": "4.3.1",
      "resolved": "http://registry.npm.oa.com/debug/download/debug-4.3.1.tgz",
      "integrity": "sha1-8NIpxQXgxtjEmsVT0bE9wYP2su4=",
      "dev": true,
      "requires": {
        "ms": "2.1.2"
      }
    },
    "dir-glob": {
      "version": "3.0.1",
      "resolved": "http://registry.npm.oa.com/dir-glob/download/dir-glob-3.0.1.tgz",
      "integrity": "sha1-Vtv3PZkqSpO6FYT0U0Bj/S5BcX8=",
      "dev": true,
      "requires": {
        "path-type": "^4.0.0"
      }
    },
    "eslint-scope": {
      "version": "5.1.1",
      "resolved": "http://registry.npm.oa.com/eslint-scope/download/eslint-scope-5.1.1.tgz",
      "integrity": "sha1-54blmmbLkrP2wfsNUIqrF0hI9Iw=",
      "dev": true,
      "requires": {
        "esrecurse": "^4.3.0",
        "estraverse": "^4.1.1"
      }
    },
    "eslint-utils": {
      "version": "2.1.0",
      "resolved": "http://registry.npm.oa.com/eslint-utils/download/eslint-utils-2.1.0.tgz",
      "integrity": "sha1-0t5eA0JOcH3BDHQGjd7a5wh0Gyc=",
      "dev": true,
      "requires": {
        "eslint-visitor-keys": "^1.1.0"
      },
      "dependencies": {
        "eslint-visitor-keys": {
          "version": "1.3.0",
          "resolved": "http://registry.npm.oa.com/eslint-visitor-keys/download/eslint-visitor-keys-1.3.0.tgz",
          "integrity": "sha1-MOvR73wv3/AcOk8VEESvJfqwUj4=",
          "dev": true
        }
      }
    },
    "eslint-visitor-keys": {
      "version": "2.0.0",
      "resolved": "http://registry.npm.oa.com/eslint-visitor-keys/download/eslint-visitor-keys-2.0.0.tgz",
      "integrity": "sha1-If3I+82ceVzAMh8FY3AglXUVEag=",
      "dev": true
    },
    "esrecurse": {
      "version": "4.3.0",
      "resolved": "http://registry.npm.oa.com/esrecurse/download/esrecurse-4.3.0.tgz",
      "integrity": "sha1-eteWTWeauyi+5yzsY3WLHF0smSE=",
      "dev": true,
      "requires": {
        "estraverse": "^5.2.0"
      },
      "dependencies": {
        "estraverse": {
          "version": "5.2.0",
          "resolved": "http://registry.npm.oa.com/estraverse/download/estraverse-5.2.0.tgz",
          "integrity": "sha1-MH30JUfmzHMk088DwVXVzbjFOIA=",
          "dev": true
        }
      }
    },
    "estraverse": {
      "version": "4.3.0",
      "resolved": "http://registry.npm.oa.com/estraverse/download/estraverse-4.3.0.tgz",
      "integrity": "sha1-OYrT88WiSUi+dyXoPRGn3ijNvR0=",
      "dev": true
    },
    "fast-glob": {
      "version": "3.2.4",
      "resolved": "http://registry.npm.oa.com/fast-glob/download/fast-glob-3.2.4.tgz",
      "integrity": "sha1-0grvv5lXk4Pn88xmUpFYybmFVNM=",
      "dev": true,
      "requires": {
        "@nodelib/fs.stat": "^2.0.2",
        "@nodelib/fs.walk": "^1.2.3",
        "glob-parent": "^5.1.0",
        "merge2": "^1.3.0",
        "micromatch": "^4.0.2",
        "picomatch": "^2.2.1"
      }
    },
    "fastq": {
      "version": "1.10.0",
      "resolved": "http://registry.npm.oa.com/fastq/download/fastq-1.10.0.tgz",
      "integrity": "sha1-dNvvzK3pZJMs31AEc+8wJxnGUrs=",
      "dev": true,
      "requires": {
        "reusify": "^1.0.4"
      }
    },
    "fill-range": {
      "version": "7.0.1",
      "resolved": "http://registry.npm.oa.com/fill-range/download/fill-range-7.0.1.tgz",
      "integrity": "sha1-GRmmp8df44ssfHflGYU12prN2kA=",
      "dev": true,
      "requires": {
        "to-regex-range": "^5.0.1"
      }
    },
    "functional-red-black-tree": {
      "version": "1.0.1",
      "resolved": "http://registry.npm.oa.com/functional-red-black-tree/download/functional-red-black-tree-1.0.1.tgz",
      "integrity": "sha1-GwqzvVU7Kg1jmdKcDj6gslIHgyc=",
      "dev": true
    },
    "glob-parent": {
      "version": "5.1.2",
      "resolved": "https://registry.npmjs.org/glob-parent/-/glob-parent-5.1.2.tgz",
      "integrity": "sha512-AOIgSQCepiJYwP3ARnGx+5VnTu2HBYdzbGP45eLw1vr3zB3vZLeyed1sC9hnbcOc9/SrMyM5RPQrkGz4aS9Zow==",
      "dev": true,
      "requires": {
        "is-glob": "^4.0.1"
      }
    },
    "globby": {
      "version": "11.0.1",
      "resolved": "http://registry.npm.oa.com/globby/download/globby-11.0.1.tgz",
      "integrity": "sha1-mivxB6Bo8//qvEmtcCx57ejP01c=",
      "dev": true,
      "requires": {
        "array-union": "^2.1.0",
        "dir-glob": "^3.0.1",
        "fast-glob": "^3.1.1",
        "ignore": "^5.1.4",
        "merge2": "^1.3.0",
        "slash": "^3.0.0"
      }
    },
    "ignore": {
      "version": "5.1.8",
      "resolved": "http://registry.npm.oa.com/ignore/download/ignore-5.1.8.tgz",
      "integrity": "sha1-8VCotQo0KJsz4i9YiavU2AFvDlc=",
      "dev": true
    },
    "is-extglob": {
      "version": "2.1.1",
      "resolved": "http://registry.npm.oa.com/is-extglob/download/is-extglob-2.1.1.tgz",
      "integrity": "sha1-qIwCU1eR8C7TfHahueqXc8gz+MI=",
      "dev": true
    },
    "is-glob": {
      "version": "4.0.1",
      "resolved": "http://registry.npm.oa.com/is-glob/download/is-glob-4.0.1.tgz",
      "integrity": "sha1-dWfb6fL14kZ7x3q4PEopSCQHpdw=",
      "dev": true,
      "requires": {
        "is-extglob": "^2.1.1"
      }
    },
    "is-number": {
      "version": "7.0.0",
      "resolved": "http://registry.npm.oa.com/is-number/download/is-number-7.0.0.tgz",
      "integrity": "sha1-dTU0W4lnNNX4DE0GxQlVUnoU8Ss=",
      "dev": true
    },
    "lodash": {
      "version": "4.17.20",
      "resolved": "http://registry.npm.oa.com/lodash/download/lodash-4.17.20.tgz",
      "integrity": "sha1-tEqbYpe8tpjxxRo1RaKzs2jVnFI=",
      "dev": true
    },
    "lru-cache": {
      "version": "6.0.0",
      "resolved": "http://registry.npm.oa.com/lru-cache/download/lru-cache-6.0.0.tgz",
      "integrity": "sha1-bW/mVw69lqr5D8rR2vo7JWbbOpQ=",
      "dev": true,
      "requires": {
        "yallist": "^4.0.0"
      }
    },
    "merge2": {
      "version": "1.4.1",
      "resolved": "http://registry.npm.oa.com/merge2/download/merge2-1.4.1.tgz",
      "integrity": "sha1-Q2iJL4hekHRVpv19xVwMnUBJkK4=",
      "dev": true
    },
    "micromatch": {
      "version": "4.0.2",
      "resolved": "http://registry.npm.oa.com/micromatch/download/micromatch-4.0.2.tgz",
      "integrity": "sha1-T8sJmb+fvC/L3SEvbWKbmlbDklk=",
      "dev": true,
      "requires": {
        "braces": "^3.0.1",
        "picomatch": "^2.0.5"
      }
    },
    "ms": {
      "version": "2.1.2",
      "resolved": "http://registry.npm.oa.com/ms/download/ms-2.1.2.tgz",
      "integrity": "sha1-0J0fNXtEP0kzgqjrPM0YOHKuYAk=",
      "dev": true
    },
    "path-type": {
      "version": "4.0.0",
      "resolved": "http://registry.npm.oa.com/path-type/download/path-type-4.0.0.tgz",
      "integrity": "sha1-hO0BwKe6OAr+CdkKjBgNzZ0DBDs=",
      "dev": true
    },
    "picomatch": {
      "version": "2.2.2",
      "resolved": "http://registry.npm.oa.com/picomatch/download/picomatch-2.2.2.tgz",
      "integrity": "sha1-IfMz6ba46v8CRo9RRupAbTRfTa0=",
      "dev": true
    },
    "regexpp": {
      "version": "3.1.0",
      "resolved": "http://registry.npm.oa.com/regexpp/download/regexpp-3.1.0.tgz",
      "integrity": "sha1-IG0K0KVkjP+9uK5GQ489xRyfeOI=",
      "dev": true
    },
    "reusify": {
      "version": "1.0.4",
      "resolved": "http://registry.npm.oa.com/reusify/download/reusify-1.0.4.tgz",
      "integrity": "sha1-kNo4Kx4SbvwCFG6QhFqI2xKSXXY=",
      "dev": true
    },
    "run-parallel": {
      "version": "1.1.10",
      "resolved": "http://registry.npm.oa.com/run-parallel/download/run-parallel-1.1.10.tgz",
      "integrity": "sha1-YKUbKug2Y2yBN33xbLEHNRvNE+8=",
      "dev": true
    },
    "semver": {
      "version": "7.3.4",
      "resolved": "http://registry.npm.oa.com/semver/download/semver-7.3.4.tgz",
      "integrity": "sha1-J6qn0uTKdkUvmNOt0JOnLJQ+3Jc=",
      "dev": true,
      "requires": {
        "lru-cache": "^6.0.0"
      }
    },
    "slash": {
      "version": "3.0.0",
      "resolved": "http://registry.npm.oa.com/slash/download/slash-3.0.0.tgz",
      "integrity": "sha1-ZTm+hwwWWtvVJAIg2+Nh8bxNRjQ=",
      "dev": true
    },
    "to-regex-range": {
      "version": "5.0.1",
      "resolved": "http://registry.npm.oa.com/to-regex-range/download/to-regex-range-5.0.1.tgz",
      "integrity": "sha1-FkjESq58jZiKMmAY7XL1tN0DkuQ=",
      "dev": true,
      "requires": {
        "is-number": "^7.0.0"
      }
    },
    "tslib": {
      "version": "1.14.1",
      "resolved": "http://registry.npm.oa.com/tslib/download/tslib-1.14.1.tgz",
      "integrity": "sha1-zy04vcNKE0vK8QkcQfZhni9nLQA=",
      "dev": true
    },
    "tsutils": {
      "version": "3.17.1",
      "resolved": "http://registry.npm.oa.com/tsutils/download/tsutils-3.17.1.tgz",
      "integrity": "sha1-7XGZF/EcoN7lhicrKsSeAVot11k=",
      "dev": true,
      "requires": {
        "tslib": "^1.8.1"
      }
    },
    "typescript": {
      "version": "4.1.3",
      "resolved": "http://registry.npm.oa.com/typescript/download/typescript-4.1.3.tgz",
      "integrity": "sha1-UZ1YK9lMugz4k0x9joRn5HP1O7c=",
      "dev": true
    },
    "yallist": {
      "version": "4.0.0",
      "resolved": "http://registry.npm.oa.com/yallist/download/yallist-4.0.0.tgz",
      "integrity": "sha1-m7knkNnA7/7GO+c1GeEaNQGaOnI=",
      "dev": true
    }
  }
}
